
Microsoft Visual Studio Solution File, Format Version 12.00
# Visual Studio Version 17
VisualStudioVersion = 17.6.33723.286
MinimumVisualStudioVersion = 10.0.40219.1
Project("{9A19103F-16F7-4668-BE54-9A1E7A4F7556}") = "OpenAPI.NET", "OpenAPI.NET\OpenAPI.NET.csproj", "{1BD5314F-1280-4D0F-8958-155FEA160A1B}"
EndProject
Project("{9A19103F-16F7-4668-BE54-9A1E7A4F7556}") = "Test.OpenAPI", "Test.OpenAPI\Test.OpenAPI.csproj", "{C2C26A28-365E-4B69-A5D6-C6CE9F32F2F5}"
EndProject
Project("{9A19103F-16F7-4668-BE54-9A1E7A4F7556}") = "KOAStudio", "..\KOA-Studio\src\KOAStudio\KOAStudio.csproj", "{132C01A3-C10A-48D6-B4EE-482AC5056194}"
EndProject
Project("{9A19103F-16F7-4668-BE54-9A1E7A4F7556}") = "KOAStudio.Core", "..\KOA-Studio\src\KOAStudio.Core\KOAStudio.Core.csproj", "{39A7064F-7BC9-4131-AEE9-7EF7B7B00008}"
EndProject
Project("{9A19103F-16F7-4668-BE54-9A1E7A4F7556}") = "OpenAPI.Core", "OpenAPI.Core\OpenAPI.Core.csproj", "{D827D358-53EC-4B74-BD06-C7BFA117EE2C}"
EndProject
Project("{9A19103F-16F7-4668-BE54-9A1E7A4F7556}") = "Test.OpenAPI.Core", "Test.OpenAPI.Core\Test.OpenAPI.Core.csproj", "{50D49F6D-3C30-4614-A760-ECFE2C657F8E}"
EndProject
Global
	GlobalSection(SolutionConfigurationPlatforms) = preSolution
		Debug|Any CPU = Debug|Any CPU
		Debug|x64 = Debug|x64
		Debug|x86 = Debug|x86
		Release|Any CPU = Release|Any CPU
		Release|x64 = Release|x64
		Release|x86 = Release|x86
	EndGlobalSection
	GlobalSection(ProjectConfigurationPlatforms) = postSolution
		{1BD5314F-1280-4D0F-8958-155FEA160A1B}.Debug|Any CPU.ActiveCfg = Debug|Any CPU
		{1BD5314F-1280-4D0F-8958-155FEA160A1B}.Debug|Any CPU.Build.0 = Debug|Any CPU
		{1BD5314F-1280-4D0F-8958-155FEA160A1B}.Debug|x64.ActiveCfg = Debug|Any CPU
		{1BD5314F-1280-4D0F-8958-155FEA160A1B}.Debug|x64.Build.0 = Debug|Any CPU
		{1BD5314F-1280-4D0F-8958-155FEA160A1B}.Debug|x86.ActiveCfg = Debug|Any CPU
		{1BD5314F-1280-4D0F-8958-155FEA160A1B}.Debug|x86.Build.0 = Debug|Any CPU
		{1BD5314F-1280-4D0F-8958-155FEA160A1B}.Release|Any CPU.ActiveCfg = Release|Any CPU
		{1BD5314F-1280-4D0F-8958-155FEA160A1B}.Release|Any CPU.Build.0 = Release|Any CPU
		{1BD5314F-1280-4D0F-8958-155FEA160A1B}.Release|x64.ActiveCfg = Release|Any CPU
		{1BD5314F-1280-4D0F-8958-155FEA160A1B}.Release|x64.Build.0 = Release|Any CPU
		{1BD5314F-1280-4D0F-8958-155FEA160A1B}.Release|x86.ActiveCfg = Release|Any CPU
		{1BD5314F-1280-4D0F-8958-155FEA160A1B}.Release|x86.Build.0 = Release|Any CPU
		{C2C26A28-365E-4B69-A5D6-C6CE9F32F2F5}.Debug|Any CPU.ActiveCfg = Debug|Any CPU
		{C2C26A28-365E-4B69-A5D6-C6CE9F32F2F5}.Debug|Any CPU.Build.0 = Debug|Any CPU
		{C2C26A28-365E-4B69-A5D6-C6CE9F32F2F5}.Debug|x64.ActiveCfg = Debug|Any CPU
		{C2C26A28-365E-4B69-A5D6-C6CE9F32F2F5}.Debug|x64.Build.0 = Debug|Any CPU
		{C2C26A28-365E-4B69-A5D6-C6CE9F32F2F5}.Debug|x86.ActiveCfg = Debug|Any CPU
		{C2C26A28-365E-4B69-A5D6-C6CE9F32F2F5}.Debug|x86.Build.0 = Debug|Any CPU
		{C2C26A28-365E-4B69-A5D6-C6CE9F32F2F5}.Release|Any CPU.ActiveCfg = Release|Any CPU
		{C2C26A28-365E-4B69-A5D6-C6CE9F32F2F5}.Release|Any CPU.Build.0 = Release|Any CPU
		{C2C26A28-365E-4B69-A5D6-C6CE9F32F2F5}.Release|x64.ActiveCfg = Release|Any CPU
		{C2C26A28-365E-4B69-A5D6-C6CE9F32F2F5}.Release|x64.Build.0 = Release|Any CPU
		{C2C26A28-365E-4B69-A5D6-C6CE9F32F2F5}.Release|x86.ActiveCfg = Release|Any CPU
		{C2C26A28-365E-4B69-A5D6-C6CE9F32F2F5}.Release|x86.Build.0 = Release|Any CPU
		{132C01A3-C10A-48D6-B4EE-482AC5056194}.Debug|Any CPU.ActiveCfg = Debug|Any CPU
		{132C01A3-C10A-48D6-B4EE-482AC5056194}.Debug|Any CPU.Build.0 = Debug|Any CPU
		{132C01A3-C10A-48D6-B4EE-482AC5056194}.Debug|x64.ActiveCfg = Debug|x64
		{132C01A3-C10A-48D6-B4EE-482AC5056194}.Debug|x64.Build.0 = Debug|x64
		{132C01A3-C10A-48D6-B4EE-482AC5056194}.Debug|x86.ActiveCfg = Debug|x86
		{132C01A3-C10A-48D6-B4EE-482AC5056194}.Debug|x86.Build.0 = Debug|x86
		{132C01A3-C10A-48D6-B4EE-482AC5056194}.Release|Any CPU.ActiveCfg = Release|x64
		{132C01A3-C10A-48D6-B4EE-482AC5056194}.Release|Any CPU.Build.0 = Release|x64
		{132C01A3-C10A-48D6-B4EE-482AC5056194}.Release|x64.ActiveCfg = Release|x64
		{132C01A3-C10A-48D6-B4EE-482AC5056194}.Release|x64.Build.0 = Release|x64
		{132C01A3-C10A-48D6-B4EE-482AC5056194}.Release|x86.ActiveCfg = Release|x86
		{132C01A3-C10A-48D6-B4EE-482AC5056194}.Release|x86.Build.0 = Release|x86
		{39A7064F-7BC9-4131-AEE9-7EF7B7B00008}.Debug|Any CPU.ActiveCfg = Debug|Any CPU
		{39A7064F-7BC9-4131-AEE9-7EF7B7B00008}.Debug|Any CPU.Build.0 = Debug|Any CPU
		{39A7064F-7BC9-4131-AEE9-7EF7B7B00008}.Debug|x64.ActiveCfg = Debug|x64
		{39A7064F-7BC9-4131-AEE9-7EF7B7B00008}.Debug|x64.Build.0 = Debug|x64
		{39A7064F-7BC9-4131-AEE9-7EF7B7B00008}.Debug|x86.ActiveCfg = Debug|x86
		{39A7064F-7BC9-4131-AEE9-7EF7B7B00008}.Debug|x86.Build.0 = Debug|x86
		{39A7064F-7BC9-4131-AEE9-7EF7B7B00008}.Release|Any CPU.ActiveCfg = Release|x64
		{39A7064F-7BC9-4131-AEE9-7EF7B7B00008}.Release|Any CPU.Build.0 = Release|x64
		{39A7064F-7BC9-4131-AEE9-7EF7B7B00008}.Release|x64.ActiveCfg = Release|x64
		{39A7064F-7BC9-4131-AEE9-7EF7B7B00008}.Release|x64.Build.0 = Release|x64
		{39A7064F-7BC9-4131-AEE9-7EF7B7B00008}.Release|x86.ActiveCfg = Release|x86
		{39A7064F-7BC9-4131-AEE9-7EF7B7B00008}.Release|x86.Build.0 = Release|x86
		{D827D358-53EC-4B74-BD06-C7BFA117EE2C}.Debug|Any CPU.ActiveCfg = Debug|Any CPU
		{D827D358-53EC-4B74-BD06-C7BFA117EE2C}.Debug|Any CPU.Build.0 = Debug|Any CPU
		{D827D358-53EC-4B74-BD06-C7BFA117EE2C}.Debug|x64.ActiveCfg = Debug|Any CPU
		{D827D358-53EC-4B74-BD06-C7BFA117EE2C}.Debug|x64.Build.0 = Debug|Any CPU
		{D827D358-53EC-4B74-BD06-C7BFA117EE2C}.Debug|x86.ActiveCfg = Debug|Any CPU
		{D827D358-53EC-4B74-BD06-C7BFA117EE2C}.Debug|x86.Build.0 = Debug|Any CPU
		{D827D358-53EC-4B74-BD06-C7BFA117EE2C}.Release|Any CPU.ActiveCfg = Release|Any CPU
		{D827D358-53EC-4B74-BD06-C7BFA117EE2C}.Release|Any CPU.Build.0 = Release|Any CPU
		{D827D358-53EC-4B74-BD06-C7BFA117EE2C}.Release|x64.ActiveCfg = Release|Any CPU
		{D827D358-53EC-4B74-BD06-C7BFA117EE2C}.Release|x64.Build.0 = Release|Any CPU
		{D827D358-53EC-4B74-BD06-C7BFA117EE2C}.Release|x86.ActiveCfg = Release|Any CPU
		{D827D358-53EC-4B74-BD06-C7BFA117EE2C}.Release|x86.Build.0 = Release|Any CPU
		{50D49F6D-3C30-4614-A760-ECFE2C657F8E}.Debug|Any CPU.ActiveCfg = Debug|Any CPU
		{50D49F6D-3C30-4614-A760-ECFE2C657F8E}.Debug|Any CPU.Build.0 = Debug|Any CPU
		{50D49F6D-3C30-4614-A760-ECFE2C657F8E}.Debug|x64.ActiveCfg = Debug|Any CPU
		{50D49F6D-3C30-4614-A760-ECFE2C657F8E}.Debug|x64.Build.0 = Debug|Any CPU
		{50D49F6D-3C30-4614-A760-ECFE2C657F8E}.Debug|x86.ActiveCfg = Debug|Any CPU
		{50D49F6D-3C30-4614-A760-ECFE2C657F8E}.Debug|x86.Build.0 = Debug|Any CPU
		{50D49F6D-3C30-4614-A760-ECFE2C657F8E}.Release|Any CPU.ActiveCfg = Release|Any CPU
		{50D49F6D-3C30-4614-A760-ECFE2C657F8E}.Release|Any CPU.Build.0 = Release|Any CPU
		{50D49F6D-3C30-4614-A760-ECFE2C657F8E}.Release|x64.ActiveCfg = Release|Any CPU
		{50D49F6D-3C30-4614-A760-ECFE2C657F8E}.Release|x64.Build.0 = Release|Any CPU
		{50D49F6D-3C30-4614-A760-ECFE2C657F8E}.Release|x86.ActiveCfg = Release|Any CPU
		{50D49F6D-3C30-4614-A760-ECFE2C657F8E}.Release|x86.Build.0 = Release|Any CPU
	EndGlobalSection
	GlobalSection(SolutionProperties) = preSolution
		HideSolutionNode = FALSE
	EndGlobalSection
	GlobalSection(ExtensibilityGlobals) = postSolution
		SolutionGuid = {EBA205DB-30BF-40F9-8B34-555C8AF90385}
	EndGlobalSection
EndGlobal
