
Microsoft Visual Studio Solution File, Format Version 12.00
# Visual Studio Version 17
VisualStudioVersion = 17.6.33723.286
MinimumVisualStudioVersion = 10.0.40219.1
Project("{9A19103F-16F7-4668-BE54-9A1E7A4F7556}") = "OpenAPI.NET", "OpenAPI.NET\OpenAPI.NET.csproj", "{1BD5314F-1280-4D0F-8958-155FEA160A1B}"
EndProject
Project("{9A19103F-16F7-4668-BE54-9A1E7A4F7556}") = "Test.OpenAPI", "Test.OpenAPI\Test.OpenAPI.csproj", "{C2C26A28-365E-4B69-A5D6-C6CE9F32F2F5}"
EndProject
Project("{9A19103F-16F7-4668-BE54-9A1E7A4F7556}") = "OpenAPI.Core", "OpenAPI.Core\OpenAPI.Core.csproj", "{D827D358-53EC-4B74-BD06-C7BFA117EE2C}"
EndProject
Project("{9A19103F-16F7-4668-BE54-9A1E7A4F7556}") = "Test.OpenAPI.Core", "Test.OpenAPI.Core\Test.OpenAPI.Core.csproj", "{50D49F6D-3C30-4614-A760-ECFE2C657F8E}"
EndProject
Project("{9A19103F-16F7-4668-BE54-9A1E7A4F7556}") = "OpenAPI.Entity", "OpenAPI.Entity\OpenAPI.Entity.csproj", "{AA1D4EFA-C3C2-476F-9B4D-C84E763834B4}"
EndProject
Project("{9A19103F-16F7-4668-BE54-9A1E7A4F7556}") = "OpenDart.API", "OpenDart.API\OpenDart.API.csproj", "{90C8AEC0-A138-43D8-AFE5-2618D9371431}"
EndProject
Project("{9A19103F-16F7-4668-BE54-9A1E7A4F7556}") = "Test.OpenDart", "Test.OpenDart\Test.OpenDart.csproj", "{DAFCF3B6-9AF7-442F-954F-729CAA101D97}"
EndProject
Project("{9A19103F-16F7-4668-BE54-9A1E7A4F7556}") = "OpenAPI.Control", "OpenAPI.Control\OpenAPI.Control.csproj", "{501644B7-178B-4DEB-B296-40195F4B96E6}"
EndProject
Project("{9A19103F-16F7-4668-BE54-9A1E7A4F7556}") = "Test.MachineLearning", "Test.MachineLearning\Test.MachineLearning.csproj", "{95E07895-DCA5-487F-AE29-0DE47BB71D8D}"
EndProject
Project("{9A19103F-16F7-4668-BE54-9A1E7A4F7556}") = "CoreAPI.ML.NET", "CoreAPI.ML.NET\CoreAPI.ML.NET.csproj", "{03BCBE2E-F9C5-4D32-AC95-1DB14D341857}"
EndProject
Project("{9A19103F-16F7-4668-BE54-9A1E7A4F7556}") = "CoreAPI.Entity", "CoreAPI.Entity\CoreAPI.Entity.csproj", "{CE739860-4842-48F0-B059-EA5CB6793D68}"
EndProject
Project("{9A19103F-16F7-4668-BE54-9A1E7A4F7556}") = "Algorithmic.Utility", "Share.Utility\Algorithmic.Utility.csproj", "{6054B8C3-A51C-4718-991C-06FF2A004378}"
EndProject
Project("{9A19103F-16F7-4668-BE54-9A1E7A4F7556}") = "Ant.Modules", "Ant.Modules\Ant.Modules.csproj", "{36C602B1-858B-4525-8FBC-AC46A6F827F5}"
EndProject
Project("{9A19103F-16F7-4668-BE54-9A1E7A4F7556}") = "DelayTheTask", "DelayTheTask\DelayTheTask.csproj", "{FD65E380-45E1-4763-938E-EE0F378649FD}"
EndProject
Project("{FAE04EC0-301F-11D3-BF4B-00C04F79EFBC}") = "FirebaseCloudMessaging", "FirebaseCloudMessaging\FirebaseCloudMessaging.csproj", "{F7398B7F-375D-4D72-8AC2-832FAE0B738C}"
EndProject
Global
	GlobalSection(SolutionConfigurationPlatforms) = preSolution
		Debug|Any CPU = Debug|Any CPU
		Debug|x64 = Debug|x64
		Debug|x86 = Debug|x86
		Release|Any CPU = Release|Any CPU
		Release|x64 = Release|x64
		Release|x86 = Release|x86
	EndGlobalSection
	GlobalSection(ProjectConfigurationPlatforms) = postSolution
		{1BD5314F-1280-4D0F-8958-155FEA160A1B}.Debug|Any CPU.ActiveCfg = Debug|Any CPU
		{1BD5314F-1280-4D0F-8958-155FEA160A1B}.Debug|Any CPU.Build.0 = Debug|Any CPU
		{1BD5314F-1280-4D0F-8958-155FEA160A1B}.Debug|x64.ActiveCfg = Debug|Any CPU
		{1BD5314F-1280-4D0F-8958-155FEA160A1B}.Debug|x64.Build.0 = Debug|Any CPU
		{1BD5314F-1280-4D0F-8958-155FEA160A1B}.Debug|x86.ActiveCfg = Debug|Any CPU
		{1BD5314F-1280-4D0F-8958-155FEA160A1B}.Debug|x86.Build.0 = Debug|Any CPU
		{1BD5314F-1280-4D0F-8958-155FEA160A1B}.Release|Any CPU.ActiveCfg = Release|Any CPU
		{1BD5314F-1280-4D0F-8958-155FEA160A1B}.Release|Any CPU.Build.0 = Release|Any CPU
		{1BD5314F-1280-4D0F-8958-155FEA160A1B}.Release|x64.ActiveCfg = Release|Any CPU
		{1BD5314F-1280-4D0F-8958-155FEA160A1B}.Release|x64.Build.0 = Release|Any CPU
		{1BD5314F-1280-4D0F-8958-155FEA160A1B}.Release|x86.ActiveCfg = Release|Any CPU
		{1BD5314F-1280-4D0F-8958-155FEA160A1B}.Release|x86.Build.0 = Release|Any CPU
		{C2C26A28-365E-4B69-A5D6-C6CE9F32F2F5}.Debug|Any CPU.ActiveCfg = Debug|Any CPU
		{C2C26A28-365E-4B69-A5D6-C6CE9F32F2F5}.Debug|Any CPU.Build.0 = Debug|Any CPU
		{C2C26A28-365E-4B69-A5D6-C6CE9F32F2F5}.Debug|x64.ActiveCfg = Debug|Any CPU
		{C2C26A28-365E-4B69-A5D6-C6CE9F32F2F5}.Debug|x64.Build.0 = Debug|Any CPU
		{C2C26A28-365E-4B69-A5D6-C6CE9F32F2F5}.Debug|x86.ActiveCfg = Debug|Any CPU
		{C2C26A28-365E-4B69-A5D6-C6CE9F32F2F5}.Debug|x86.Build.0 = Debug|Any CPU
		{C2C26A28-365E-4B69-A5D6-C6CE9F32F2F5}.Release|Any CPU.ActiveCfg = Release|Any CPU
		{C2C26A28-365E-4B69-A5D6-C6CE9F32F2F5}.Release|Any CPU.Build.0 = Release|Any CPU
		{C2C26A28-365E-4B69-A5D6-C6CE9F32F2F5}.Release|x64.ActiveCfg = Release|Any CPU
		{C2C26A28-365E-4B69-A5D6-C6CE9F32F2F5}.Release|x64.Build.0 = Release|Any CPU
		{C2C26A28-365E-4B69-A5D6-C6CE9F32F2F5}.Release|x86.ActiveCfg = Release|Any CPU
		{C2C26A28-365E-4B69-A5D6-C6CE9F32F2F5}.Release|x86.Build.0 = Release|Any CPU
		{D827D358-53EC-4B74-BD06-C7BFA117EE2C}.Debug|Any CPU.ActiveCfg = Debug|Any CPU
		{D827D358-53EC-4B74-BD06-C7BFA117EE2C}.Debug|Any CPU.Build.0 = Debug|Any CPU
		{D827D358-53EC-4B74-BD06-C7BFA117EE2C}.Debug|x64.ActiveCfg = Debug|Any CPU
		{D827D358-53EC-4B74-BD06-C7BFA117EE2C}.Debug|x64.Build.0 = Debug|Any CPU
		{D827D358-53EC-4B74-BD06-C7BFA117EE2C}.Debug|x86.ActiveCfg = Debug|Any CPU
		{D827D358-53EC-4B74-BD06-C7BFA117EE2C}.Debug|x86.Build.0 = Debug|Any CPU
		{D827D358-53EC-4B74-BD06-C7BFA117EE2C}.Release|Any CPU.ActiveCfg = Release|Any CPU
		{D827D358-53EC-4B74-BD06-C7BFA117EE2C}.Release|Any CPU.Build.0 = Release|Any CPU
		{D827D358-53EC-4B74-BD06-C7BFA117EE2C}.Release|x64.ActiveCfg = Release|Any CPU
		{D827D358-53EC-4B74-BD06-C7BFA117EE2C}.Release|x64.Build.0 = Release|Any CPU
		{D827D358-53EC-4B74-BD06-C7BFA117EE2C}.Release|x86.ActiveCfg = Release|Any CPU
		{D827D358-53EC-4B74-BD06-C7BFA117EE2C}.Release|x86.Build.0 = Release|Any CPU
		{50D49F6D-3C30-4614-A760-ECFE2C657F8E}.Debug|Any CPU.ActiveCfg = Debug|Any CPU
		{50D49F6D-3C30-4614-A760-ECFE2C657F8E}.Debug|Any CPU.Build.0 = Debug|Any CPU
		{50D49F6D-3C30-4614-A760-ECFE2C657F8E}.Debug|x64.ActiveCfg = Debug|Any CPU
		{50D49F6D-3C30-4614-A760-ECFE2C657F8E}.Debug|x64.Build.0 = Debug|Any CPU
		{50D49F6D-3C30-4614-A760-ECFE2C657F8E}.Debug|x86.ActiveCfg = Debug|Any CPU
		{50D49F6D-3C30-4614-A760-ECFE2C657F8E}.Debug|x86.Build.0 = Debug|Any CPU
		{50D49F6D-3C30-4614-A760-ECFE2C657F8E}.Release|Any CPU.ActiveCfg = Release|Any CPU
		{50D49F6D-3C30-4614-A760-ECFE2C657F8E}.Release|Any CPU.Build.0 = Release|Any CPU
		{50D49F6D-3C30-4614-A760-ECFE2C657F8E}.Release|x64.ActiveCfg = Release|Any CPU
		{50D49F6D-3C30-4614-A760-ECFE2C657F8E}.Release|x64.Build.0 = Release|Any CPU
		{50D49F6D-3C30-4614-A760-ECFE2C657F8E}.Release|x86.ActiveCfg = Release|Any CPU
		{50D49F6D-3C30-4614-A760-ECFE2C657F8E}.Release|x86.Build.0 = Release|Any CPU
		{AA1D4EFA-C3C2-476F-9B4D-C84E763834B4}.Debug|Any CPU.ActiveCfg = Debug|Any CPU
		{AA1D4EFA-C3C2-476F-9B4D-C84E763834B4}.Debug|Any CPU.Build.0 = Debug|Any CPU
		{AA1D4EFA-C3C2-476F-9B4D-C84E763834B4}.Debug|x64.ActiveCfg = Debug|Any CPU
		{AA1D4EFA-C3C2-476F-9B4D-C84E763834B4}.Debug|x64.Build.0 = Debug|Any CPU
		{AA1D4EFA-C3C2-476F-9B4D-C84E763834B4}.Debug|x86.ActiveCfg = Debug|Any CPU
		{AA1D4EFA-C3C2-476F-9B4D-C84E763834B4}.Debug|x86.Build.0 = Debug|Any CPU
		{AA1D4EFA-C3C2-476F-9B4D-C84E763834B4}.Release|Any CPU.ActiveCfg = Release|Any CPU
		{AA1D4EFA-C3C2-476F-9B4D-C84E763834B4}.Release|Any CPU.Build.0 = Release|Any CPU
		{AA1D4EFA-C3C2-476F-9B4D-C84E763834B4}.Release|x64.ActiveCfg = Release|Any CPU
		{AA1D4EFA-C3C2-476F-9B4D-C84E763834B4}.Release|x64.Build.0 = Release|Any CPU
		{AA1D4EFA-C3C2-476F-9B4D-C84E763834B4}.Release|x86.ActiveCfg = Release|Any CPU
		{AA1D4EFA-C3C2-476F-9B4D-C84E763834B4}.Release|x86.Build.0 = Release|Any CPU
		{90C8AEC0-A138-43D8-AFE5-2618D9371431}.Debug|Any CPU.ActiveCfg = Debug|Any CPU
		{90C8AEC0-A138-43D8-AFE5-2618D9371431}.Debug|Any CPU.Build.0 = Debug|Any CPU
		{90C8AEC0-A138-43D8-AFE5-2618D9371431}.Debug|x64.ActiveCfg = Debug|Any CPU
		{90C8AEC0-A138-43D8-AFE5-2618D9371431}.Debug|x64.Build.0 = Debug|Any CPU
		{90C8AEC0-A138-43D8-AFE5-2618D9371431}.Debug|x86.ActiveCfg = Debug|Any CPU
		{90C8AEC0-A138-43D8-AFE5-2618D9371431}.Debug|x86.Build.0 = Debug|Any CPU
		{90C8AEC0-A138-43D8-AFE5-2618D9371431}.Release|Any CPU.ActiveCfg = Release|Any CPU
		{90C8AEC0-A138-43D8-AFE5-2618D9371431}.Release|Any CPU.Build.0 = Release|Any CPU
		{90C8AEC0-A138-43D8-AFE5-2618D9371431}.Release|x64.ActiveCfg = Release|Any CPU
		{90C8AEC0-A138-43D8-AFE5-2618D9371431}.Release|x64.Build.0 = Release|Any CPU
		{90C8AEC0-A138-43D8-AFE5-2618D9371431}.Release|x86.ActiveCfg = Release|Any CPU
		{90C8AEC0-A138-43D8-AFE5-2618D9371431}.Release|x86.Build.0 = Release|Any CPU
		{DAFCF3B6-9AF7-442F-954F-729CAA101D97}.Debug|Any CPU.ActiveCfg = Debug|Any CPU
		{DAFCF3B6-9AF7-442F-954F-729CAA101D97}.Debug|Any CPU.Build.0 = Debug|Any CPU
		{DAFCF3B6-9AF7-442F-954F-729CAA101D97}.Debug|x64.ActiveCfg = Debug|Any CPU
		{DAFCF3B6-9AF7-442F-954F-729CAA101D97}.Debug|x64.Build.0 = Debug|Any CPU
		{DAFCF3B6-9AF7-442F-954F-729CAA101D97}.Debug|x86.ActiveCfg = Debug|Any CPU
		{DAFCF3B6-9AF7-442F-954F-729CAA101D97}.Debug|x86.Build.0 = Debug|Any CPU
		{DAFCF3B6-9AF7-442F-954F-729CAA101D97}.Release|Any CPU.ActiveCfg = Release|Any CPU
		{DAFCF3B6-9AF7-442F-954F-729CAA101D97}.Release|Any CPU.Build.0 = Release|Any CPU
		{DAFCF3B6-9AF7-442F-954F-729CAA101D97}.Release|x64.ActiveCfg = Release|Any CPU
		{DAFCF3B6-9AF7-442F-954F-729CAA101D97}.Release|x64.Build.0 = Release|Any CPU
		{DAFCF3B6-9AF7-442F-954F-729CAA101D97}.Release|x86.ActiveCfg = Release|Any CPU
		{DAFCF3B6-9AF7-442F-954F-729CAA101D97}.Release|x86.Build.0 = Release|Any CPU
		{501644B7-178B-4DEB-B296-40195F4B96E6}.Debug|Any CPU.ActiveCfg = Debug|Any CPU
		{501644B7-178B-4DEB-B296-40195F4B96E6}.Debug|Any CPU.Build.0 = Debug|Any CPU
		{501644B7-178B-4DEB-B296-40195F4B96E6}.Debug|x64.ActiveCfg = Debug|Any CPU
		{501644B7-178B-4DEB-B296-40195F4B96E6}.Debug|x64.Build.0 = Debug|Any CPU
		{501644B7-178B-4DEB-B296-40195F4B96E6}.Debug|x86.ActiveCfg = Debug|Any CPU
		{501644B7-178B-4DEB-B296-40195F4B96E6}.Debug|x86.Build.0 = Debug|Any CPU
		{501644B7-178B-4DEB-B296-40195F4B96E6}.Release|Any CPU.ActiveCfg = Release|Any CPU
		{501644B7-178B-4DEB-B296-40195F4B96E6}.Release|Any CPU.Build.0 = Release|Any CPU
		{501644B7-178B-4DEB-B296-40195F4B96E6}.Release|x64.ActiveCfg = Release|Any CPU
		{501644B7-178B-4DEB-B296-40195F4B96E6}.Release|x64.Build.0 = Release|Any CPU
		{501644B7-178B-4DEB-B296-40195F4B96E6}.Release|x86.ActiveCfg = Release|Any CPU
		{501644B7-178B-4DEB-B296-40195F4B96E6}.Release|x86.Build.0 = Release|Any CPU
		{95E07895-DCA5-487F-AE29-0DE47BB71D8D}.Debug|Any CPU.ActiveCfg = Debug|Any CPU
		{95E07895-DCA5-487F-AE29-0DE47BB71D8D}.Debug|Any CPU.Build.0 = Debug|Any CPU
		{95E07895-DCA5-487F-AE29-0DE47BB71D8D}.Debug|x64.ActiveCfg = Debug|Any CPU
		{95E07895-DCA5-487F-AE29-0DE47BB71D8D}.Debug|x64.Build.0 = Debug|Any CPU
		{95E07895-DCA5-487F-AE29-0DE47BB71D8D}.Debug|x86.ActiveCfg = Debug|Any CPU
		{95E07895-DCA5-487F-AE29-0DE47BB71D8D}.Debug|x86.Build.0 = Debug|Any CPU
		{95E07895-DCA5-487F-AE29-0DE47BB71D8D}.Release|Any CPU.ActiveCfg = Release|Any CPU
		{95E07895-DCA5-487F-AE29-0DE47BB71D8D}.Release|Any CPU.Build.0 = Release|Any CPU
		{95E07895-DCA5-487F-AE29-0DE47BB71D8D}.Release|x64.ActiveCfg = Release|Any CPU
		{95E07895-DCA5-487F-AE29-0DE47BB71D8D}.Release|x64.Build.0 = Release|Any CPU
		{95E07895-DCA5-487F-AE29-0DE47BB71D8D}.Release|x86.ActiveCfg = Release|Any CPU
		{95E07895-DCA5-487F-AE29-0DE47BB71D8D}.Release|x86.Build.0 = Release|Any CPU
		{03BCBE2E-F9C5-4D32-AC95-1DB14D341857}.Debug|Any CPU.ActiveCfg = Debug|Any CPU
		{03BCBE2E-F9C5-4D32-AC95-1DB14D341857}.Debug|Any CPU.Build.0 = Debug|Any CPU
		{03BCBE2E-F9C5-4D32-AC95-1DB14D341857}.Debug|x64.ActiveCfg = Debug|Any CPU
		{03BCBE2E-F9C5-4D32-AC95-1DB14D341857}.Debug|x64.Build.0 = Debug|Any CPU
		{03BCBE2E-F9C5-4D32-AC95-1DB14D341857}.Debug|x86.ActiveCfg = Debug|Any CPU
		{03BCBE2E-F9C5-4D32-AC95-1DB14D341857}.Debug|x86.Build.0 = Debug|Any CPU
		{03BCBE2E-F9C5-4D32-AC95-1DB14D341857}.Release|Any CPU.ActiveCfg = Release|Any CPU
		{03BCBE2E-F9C5-4D32-AC95-1DB14D341857}.Release|Any CPU.Build.0 = Release|Any CPU
		{03BCBE2E-F9C5-4D32-AC95-1DB14D341857}.Release|x64.ActiveCfg = Release|Any CPU
		{03BCBE2E-F9C5-4D32-AC95-1DB14D341857}.Release|x64.Build.0 = Release|Any CPU
		{03BCBE2E-F9C5-4D32-AC95-1DB14D341857}.Release|x86.ActiveCfg = Release|Any CPU
		{03BCBE2E-F9C5-4D32-AC95-1DB14D341857}.Release|x86.Build.0 = Release|Any CPU
		{CE739860-4842-48F0-B059-EA5CB6793D68}.Debug|Any CPU.ActiveCfg = Debug|Any CPU
		{CE739860-4842-48F0-B059-EA5CB6793D68}.Debug|Any CPU.Build.0 = Debug|Any CPU
		{CE739860-4842-48F0-B059-EA5CB6793D68}.Debug|x64.ActiveCfg = Debug|Any CPU
		{CE739860-4842-48F0-B059-EA5CB6793D68}.Debug|x64.Build.0 = Debug|Any CPU
		{CE739860-4842-48F0-B059-EA5CB6793D68}.Debug|x86.ActiveCfg = Debug|Any CPU
		{CE739860-4842-48F0-B059-EA5CB6793D68}.Debug|x86.Build.0 = Debug|Any CPU
		{CE739860-4842-48F0-B059-EA5CB6793D68}.Release|Any CPU.ActiveCfg = Release|Any CPU
		{CE739860-4842-48F0-B059-EA5CB6793D68}.Release|Any CPU.Build.0 = Release|Any CPU
		{CE739860-4842-48F0-B059-EA5CB6793D68}.Release|x64.ActiveCfg = Release|Any CPU
		{CE739860-4842-48F0-B059-EA5CB6793D68}.Release|x64.Build.0 = Release|Any CPU
		{CE739860-4842-48F0-B059-EA5CB6793D68}.Release|x86.ActiveCfg = Release|Any CPU
		{CE739860-4842-48F0-B059-EA5CB6793D68}.Release|x86.Build.0 = Release|Any CPU
		{6054B8C3-A51C-4718-991C-06FF2A004378}.Debug|Any CPU.ActiveCfg = Debug|Any CPU
		{6054B8C3-A51C-4718-991C-06FF2A004378}.Debug|Any CPU.Build.0 = Debug|Any CPU
		{6054B8C3-A51C-4718-991C-06FF2A004378}.Debug|x64.ActiveCfg = Debug|Any CPU
		{6054B8C3-A51C-4718-991C-06FF2A004378}.Debug|x64.Build.0 = Debug|Any CPU
		{6054B8C3-A51C-4718-991C-06FF2A004378}.Debug|x86.ActiveCfg = Debug|Any CPU
		{6054B8C3-A51C-4718-991C-06FF2A004378}.Debug|x86.Build.0 = Debug|Any CPU
		{6054B8C3-A51C-4718-991C-06FF2A004378}.Release|Any CPU.ActiveCfg = Release|Any CPU
		{6054B8C3-A51C-4718-991C-06FF2A004378}.Release|Any CPU.Build.0 = Release|Any CPU
		{6054B8C3-A51C-4718-991C-06FF2A004378}.Release|x64.ActiveCfg = Release|Any CPU
		{6054B8C3-A51C-4718-991C-06FF2A004378}.Release|x64.Build.0 = Release|Any CPU
		{6054B8C3-A51C-4718-991C-06FF2A004378}.Release|x86.ActiveCfg = Release|Any CPU
		{6054B8C3-A51C-4718-991C-06FF2A004378}.Release|x86.Build.0 = Release|Any CPU
		{36C602B1-858B-4525-8FBC-AC46A6F827F5}.Debug|Any CPU.ActiveCfg = Debug|Any CPU
		{36C602B1-858B-4525-8FBC-AC46A6F827F5}.Debug|Any CPU.Build.0 = Debug|Any CPU
		{36C602B1-858B-4525-8FBC-AC46A6F827F5}.Debug|x64.ActiveCfg = Debug|Any CPU
		{36C602B1-858B-4525-8FBC-AC46A6F827F5}.Debug|x64.Build.0 = Debug|Any CPU
		{36C602B1-858B-4525-8FBC-AC46A6F827F5}.Debug|x86.ActiveCfg = Debug|Any CPU
		{36C602B1-858B-4525-8FBC-AC46A6F827F5}.Debug|x86.Build.0 = Debug|Any CPU
		{36C602B1-858B-4525-8FBC-AC46A6F827F5}.Release|Any CPU.ActiveCfg = Release|Any CPU
		{36C602B1-858B-4525-8FBC-AC46A6F827F5}.Release|Any CPU.Build.0 = Release|Any CPU
		{36C602B1-858B-4525-8FBC-AC46A6F827F5}.Release|x64.ActiveCfg = Release|Any CPU
		{36C602B1-858B-4525-8FBC-AC46A6F827F5}.Release|x64.Build.0 = Release|Any CPU
		{36C602B1-858B-4525-8FBC-AC46A6F827F5}.Release|x86.ActiveCfg = Release|Any CPU
		{36C602B1-858B-4525-8FBC-AC46A6F827F5}.Release|x86.Build.0 = Release|Any CPU
		{FD65E380-45E1-4763-938E-EE0F378649FD}.Debug|Any CPU.ActiveCfg = Debug|Any CPU
		{FD65E380-45E1-4763-938E-EE0F378649FD}.Debug|Any CPU.Build.0 = Debug|Any CPU
		{FD65E380-45E1-4763-938E-EE0F378649FD}.Debug|x64.ActiveCfg = Debug|Any CPU
		{FD65E380-45E1-4763-938E-EE0F378649FD}.Debug|x64.Build.0 = Debug|Any CPU
		{FD65E380-45E1-4763-938E-EE0F378649FD}.Debug|x86.ActiveCfg = Debug|Any CPU
		{FD65E380-45E1-4763-938E-EE0F378649FD}.Debug|x86.Build.0 = Debug|Any CPU
		{FD65E380-45E1-4763-938E-EE0F378649FD}.Release|Any CPU.ActiveCfg = Release|Any CPU
		{FD65E380-45E1-4763-938E-EE0F378649FD}.Release|Any CPU.Build.0 = Release|Any CPU
		{FD65E380-45E1-4763-938E-EE0F378649FD}.Release|x64.ActiveCfg = Release|Any CPU
		{FD65E380-45E1-4763-938E-EE0F378649FD}.Release|x64.Build.0 = Release|Any CPU
		{FD65E380-45E1-4763-938E-EE0F378649FD}.Release|x86.ActiveCfg = Release|Any CPU
		{FD65E380-45E1-4763-938E-EE0F378649FD}.Release|x86.Build.0 = Release|Any CPU
		{F7398B7F-375D-4D72-8AC2-832FAE0B738C}.Debug|Any CPU.ActiveCfg = Debug|Any CPU
		{F7398B7F-375D-4D72-8AC2-832FAE0B738C}.Debug|Any CPU.Build.0 = Debug|Any CPU
		{F7398B7F-375D-4D72-8AC2-832FAE0B738C}.Debug|x64.ActiveCfg = Debug|Any CPU
		{F7398B7F-375D-4D72-8AC2-832FAE0B738C}.Debug|x64.Build.0 = Debug|Any CPU
		{F7398B7F-375D-4D72-8AC2-832FAE0B738C}.Debug|x86.ActiveCfg = Debug|Any CPU
		{F7398B7F-375D-4D72-8AC2-832FAE0B738C}.Debug|x86.Build.0 = Debug|Any CPU
		{F7398B7F-375D-4D72-8AC2-832FAE0B738C}.Release|Any CPU.ActiveCfg = Release|Any CPU
		{F7398B7F-375D-4D72-8AC2-832FAE0B738C}.Release|Any CPU.Build.0 = Release|Any CPU
		{F7398B7F-375D-4D72-8AC2-832FAE0B738C}.Release|x64.ActiveCfg = Release|Any CPU
		{F7398B7F-375D-4D72-8AC2-832FAE0B738C}.Release|x64.Build.0 = Release|Any CPU
		{F7398B7F-375D-4D72-8AC2-832FAE0B738C}.Release|x86.ActiveCfg = Release|Any CPU
		{F7398B7F-375D-4D72-8AC2-832FAE0B738C}.Release|x86.Build.0 = Release|Any CPU
	EndGlobalSection
	GlobalSection(SolutionProperties) = preSolution
		HideSolutionNode = FALSE
	EndGlobalSection
	GlobalSection(ExtensibilityGlobals) = postSolution
		SolutionGuid = {EBA205DB-30BF-40F9-8B34-555C8AF90385}
	EndGlobalSection
EndGlobal
